github.com/gokrazy/gokrazy v0.0.0-20250204175025-928579311538 h1:S1oDytXSDJ+E+CNgmeipAX4ViGPt/T0sX42dbNBNW/w=
github.com/gokrazy/gokrazy v0.0.0-20250204175025-928579311538/go.mod h1:1yOdp952OIkgR9lBNUzV+mBSIcvPV0RCaCmBq9WKTJw=
github.com/gokrazy/internal v0.0.0-20240629150625-a0f1dee26ef5 h1:XDklMxV0pE5jWiNaoo5TzvWfqdoiRRScmr4ZtDzE4Uw=
github.com/gokrazy/internal v0.0.0-20240629150625-a0f1dee26ef5/go.mod h1:t3ZirVhcs9bH+fPAJuGh51rzT7sVCZ9yfXvszf0ZjF0=
github.com/google/renameio/v2 v2.0.0 h1:UifI23ZTGY8Tt29JbYFiuyIU3eX+RNFtUwefq9qAhxg=
github.com/google/renameio/v2 v2.0.0/go.mod h1:BtmJXm5YlszgC+TD4HOEEUFgkJP3nLxehU6hfe7jRt4=
github.com/kenshaw/evdev v0.1.0 h1:wmtceEOFfilChgdNT+c/djPJ2JineVsQ0N14kGzFRUo=
github.com/kenshaw/evdev v0.1.0/go.mod h1:B/fErKCihUyEobz0mjn2qQbHgyJKFQAxkXSvkeeA/Wo=
github.com/mdlayher/watchdog v0.0.0-20201005150459-8bdc4f41966b h1:7tUBfsEEBWfFeHOB7CUfoOamak+Gx/BlirfXyPk1WjI=
github.com/mdlayher/watchdog v0.0.0-20201005150459-8bdc4f41966b/go.mod h1:bmoJUS6qOA3uKFvF3KVuhf7mU1KQirzQMeHXtPyKEqg=
github.com/spf13/pflag v1.0.5 h1:iy+VFUOCP1a+8yFto/drg2CJ5u0yRoB7fZw3DKv/JXA=
github.com/spf13/pflag v1.0.5/go.mod h1:McXfInJRrz4CZXVZOBLb0bTZqETkiAhM9Iw0y3An2Bg=
golang.org/x/sys v0.20.0 h1:Od9JTbYCk261bKm4M/mw7AklTlFYIa0bIp9BgSm1S8Y=
golang.org/x/sys v0.20.0/go.mod h1:/VUhepiaJMQUp4+oa/7Zr1D23ma6VTLIYjOOTFZPUcA=
